
Microsoft Visual Studio Solution File, Format Version 12.00
# Visual Studio Version 17
VisualStudioVersion = 17.4.33122.133
MinimumVisualStudioVersion = 10.0.40219.1
Project("{FAE04EC0-301F-11D3-BF4B-00C04F79EFBC}") = "Lumia", "Lumia\Lumia.csproj", "{C43296AC-4249-4EEC-99ED-955E6D5E5491}"
EndProject
Global
	GlobalSection(SolutionConfigurationPlatforms) = preSolution
		Debug|Any CPU = Debug|Any CPU
		Release|Any CPU = Release|Any CPU
	EndGlobalSection
	GlobalSection(ProjectConfigurationPlatforms) = postSolution
		{C43296AC-4249-4EEC-99ED-955E6D5E5491}.Debug|Any CPU.ActiveCfg = Debug|Any CPU
		{C43296AC-4249-4EEC-99ED-955E6D5E5491}.Debug|Any CPU.Build.0 = Debug|Any CPU
		{C43296AC-4249-4EEC-99ED-955E6D5E5491}.Release|Any CPU.ActiveCfg = Release|Any CPU
		{C43296AC-4249-4EEC-99ED-955E6D5E5491}.Release|Any CPU.Build.0 = Release|Any CPU
	EndGlobalSection
	GlobalSection(SolutionProperties) = preSolution
		HideSolutionNode = FALSE
	EndGlobalSection
	GlobalSection(ExtensibilityGlobals) = postSolution
		SolutionGuid = {E2FCA3D6-7165-4E14-86DA-C1514C114C3C}
	EndGlobalSection
EndGlobal
